%{
  "jchash": {:hex, :jchash, "0.1.0", "902429893a8a206856865901032a8b6fb38f76272f66a90c6decc892f2056e1e", [:make, :rebar3], [], "hexpm"},
  "nebulex": {:hex, :nebulex, "1.0.0", "6d331f2711e8c318cace41759c97fb8f9c1424abaac8dd1e1ca78a54ce9215b2", [:mix], [{:shards, "~> 0.6", [hex: :shards, repo: "hexpm", optional: false]}], "hexpm"},
  "shards": {:hex, :shards, "0.6.0", "678d292ad74a4598a872930f9b12251f43e97f6050287f1fb712fbfd3d282f75", [:make, :rebar3], [], "hexpm"},
}
