%{
  "decorator": {:hex, :decorator, "1.3.2", "63b8ac9e23b28053390abdda33bb9e1f3dd9e8f9a981f47a06fc2f2fe2e2f772", [:mix], [], "hexpm", "b80bd089e3c8579e6d9ea84eed307b1597a0d94af25331e424a209477ad1a7fc"},
  "nebulex": {:hex, :nebulex, "2.0.0-rc.0", "fd7c3c98373bcb64392bbbc6eb7af97effc34ae8ae9597becc7cd849836895bf", [:mix], [{:decorator, "~> 1.3", [hex: :decorator, repo: "hexpm", optional: true]}, {:shards, "~> 0.6", [hex: :shards, repo: "hexpm", optional: true]}, {:telemetry, "~> 0.4.2", [hex: :telemetry, repo: "hexpm", optional: true]}], "hexpm", "3ffbe0c4cddd15fa9ab201cc1aa69ad21db862313097025dee5c77b73ad91003"},
  "shards": {:hex, :shards, "0.6.2", "e05d05537883220c3b8a8f9d40d5c8ba7ff6064c63ebb6b23046972f6863b2d1", [:make, :rebar3], [], "hexpm", "58afa3712f1f1256a2a15e39fa95b7cd758087aaa7a25beaf786daabd87890f0"},
}
