%{
  "basho_bench": {:git, "https://github.com/mrallen1/basho_bench.git", "c92c71c09b17f5f2c983a31d2a6ec2db40de9bfe", [ref: "mra-rebar3"]},
  "bear": {:hex, :bear, "0.8.7", "16264309ae5d005d03718a5c82641fcc259c9e8f09adeb6fd79ca4271168656f", [:rebar3], [], "hexpm"},
  "folsom": {:hex, :folsom, "0.8.7", "a885f0aeee4c84270954c88a55a5a473d6b2c7493e32ffdc5765412dd555a951", [:rebar3], [{:bear, "0.8.7", [hex: :bear, repo: "hexpm", optional: false]}], "hexpm"},
  "getopt": {:hex, :getopt, "1.0.1", "c73a9fa687b217f2ff79f68a3b637711bb1936e712b521d8ce466b29cbf7808a", [:rebar3], [], "hexpm"},
  "goldrush": {:hex, :goldrush, "0.1.9", "f06e5d5f1277da5c413e84d5a2924174182fb108dabb39d5ec548b27424cd106", [:rebar3], [], "hexpm"},
  "lager": {:hex, :lager, "3.6.7", "2fbf823944caa0fc10df5ec13f3f047524a249bb32f0d801b7900c9610264286", [:rebar3], [{:goldrush, "0.1.9", [hex: :goldrush, repo: "hexpm", optional: false]}], "hexpm"},
  "nebulex": {:hex, :nebulex, "1.0.0", "6d331f2711e8c318cace41759c97fb8f9c1424abaac8dd1e1ca78a54ce9215b2", [:mix], [{:shards, "~> 0.6", [hex: :shards, repo: "hexpm", optional: false]}], "hexpm"},
  "shards": {:hex, :shards, "0.6.0", "678d292ad74a4598a872930f9b12251f43e97f6050287f1fb712fbfd3d282f75", [:make, :rebar3], [], "hexpm"},
}
