%{
  "basho_bench": {:git, "https://github.com/mrallen1/basho_bench.git", "c92c71c09b17f5f2c983a31d2a6ec2db40de9bfe", [ref: "mra-rebar3"]},
  "bear": {:hex, :bear, "0.8.5", "e95fca1627cd9e15baf93ce0a52aff16917baf325f0ee65b88cd715376cd2344", [], [], "hexpm"},
  "ex2ms": {:hex, :ex2ms, "1.5.0", "19e27f9212be9a96093fed8cdfbef0a2b56c21237196d26760f11dfcfae58e97", [], [], "hexpm"},
  "ex_shards": {:hex, :ex_shards, "0.2.1", "65c14d5ae71d6c4b617531f29923f8e57007e5b9874c100a11163c55ec0c7b21", [], [{:ex2ms, "~> 1.4", [hex: :ex2ms, repo: "hexpm", optional: false]}, {:shards, "~> 0.5", [hex: :shards, repo: "hexpm", optional: false]}], "hexpm"},
  "folsom": {:hex, :folsom, "0.8.5", "94a027b56fe84feed264f9b33cb4c6ac9a801fad84b87dbda0836ce83c3b8d69", [], [{:bear, "0.8.5", [hex: :bear, repo: "hexpm", optional: false]}], "hexpm"},
  "getopt": {:hex, :getopt, "1.0.1", "c73a9fa687b217f2ff79f68a3b637711bb1936e712b521d8ce466b29cbf7808a", [], [], "hexpm"},
  "goldrush": {:hex, :goldrush, "0.1.9", "f06e5d5f1277da5c413e84d5a2924174182fb108dabb39d5ec548b27424cd106", [], [], "hexpm"},
  "lager": {:hex, :lager, "3.6.1", "9d29c5ff7f926d25ecd9899990867c9152dcf34eee65bac8ec0dfc0d16a26e0c", [], [{:goldrush, "0.1.9", [hex: :goldrush, repo: "hexpm", optional: false]}], "hexpm"},
  "nebulex": {:hex, :nebulex, "1.0.0-rc.3", "466075e1060f9dc523c72ae8f723608330aed161efa65fa2d8fb5533fb87de0b", [], [{:ex_shards, "~> 0.2", [hex: :ex_shards, repo: "hexpm", optional: false]}], "hexpm"},
  "shards": {:hex, :shards, "0.5.0", "2780002307ccf250368a067d59b364e7cf1af1c788a9f60b490d199a6028b6de", [], [], "hexpm"},
}
